
Microsoft Visual Studio Solution File, Format Version 12.00
# Visual Studio Version 17
VisualStudioVersion = 17.0.32014.148
MinimumVisualStudioVersion = 10.0.40219.1
Project("{9A19103F-16F7-4668-BE54-9A1E7A4F7556}") = "MTG.Objects", "src\MTG.Objects\MTG.Objects.csproj", "{F6E6A5C5-EB90-4257-B8F4-CF8D05C450CD}"
EndProject
Project("{2150E333-8FDC-42A3-9474-1A3956D46DE8}") = "src", "src", "{654981E9-45EC-4E0F-A01F-ABB9835AFB9E}"
EndProject
Project("{9A19103F-16F7-4668-BE54-9A1E7A4F7556}") = "MTG.Object.Generator", "src\MTG.Object.Generator\MTG.Object.Generator.csproj", "{F7714A26-A28C-4D0A-A87E-CBF0241CFACC}"
EndProject
Project("{2150E333-8FDC-42A3-9474-1A3956D46DE8}") = "tests", "tests", "{A7EDEDC0-EDD9-4915-9D61-8434168885D0}"
EndProject
Project("{9A19103F-16F7-4668-BE54-9A1E7A4F7556}") = "MTG.Objects.Tests.Unit", "tests\MTG.Objects.Tests\MTG.Objects.Tests.Unit.csproj", "{3126245E-B78D-483C-92ED-5C2814F61656}"
EndProject
Project("{2150E333-8FDC-42A3-9474-1A3956D46DE8}") = "Solution Items", "Solution Items", "{B35F3C55-2783-4D9D-B178-C91CE06AEA07}"
	ProjectSection(SolutionItems) = preProject
		.gitignore = .gitignore
		README.md = README.md
	EndProjectSection
EndProject
Project("{2150E333-8FDC-42A3-9474-1A3956D46DE8}") = "Unit", "Unit", "{A17F9056-6C11-40FC-8B2D-A03BD0D95D28}"
EndProject
Project("{2150E333-8FDC-42A3-9474-1A3956D46DE8}") = ".github", ".github", "{DBC69EF5-D2AD-464C-BEBA-851CD323F2B5}"
EndProject
Project("{2150E333-8FDC-42A3-9474-1A3956D46DE8}") = "workflows", "workflows", "{A2E19352-8D90-49EF-96FB-67E345412557}"
	ProjectSection(SolutionItems) = preProject
		.github\workflows\codeql-analysis.yml = .github\workflows\codeql-analysis.yml
		.github\workflows\dependabot.yml = .github\workflows\dependabot.yml
		.github\workflows\dotnet.yml = .github\workflows\dotnet.yml
		.github\workflows\MTG.Objects-CICD.yml = .github\workflows\MTG.Objects-CICD.yml
	EndProjectSection
EndProject
Global
	GlobalSection(SolutionConfigurationPlatforms) = preSolution
		Debug|Any CPU = Debug|Any CPU
		Release|Any CPU = Release|Any CPU
	EndGlobalSection
	GlobalSection(ProjectConfigurationPlatforms) = postSolution
		{F6E6A5C5-EB90-4257-B8F4-CF8D05C450CD}.Debug|Any CPU.ActiveCfg = Debug|Any CPU
		{F6E6A5C5-EB90-4257-B8F4-CF8D05C450CD}.Debug|Any CPU.Build.0 = Debug|Any CPU
		{F6E6A5C5-EB90-4257-B8F4-CF8D05C450CD}.Release|Any CPU.ActiveCfg = Release|Any CPU
		{F6E6A5C5-EB90-4257-B8F4-CF8D05C450CD}.Release|Any CPU.Build.0 = Release|Any CPU
		{F7714A26-A28C-4D0A-A87E-CBF0241CFACC}.Debug|Any CPU.ActiveCfg = Debug|Any CPU
		{F7714A26-A28C-4D0A-A87E-CBF0241CFACC}.Debug|Any CPU.Build.0 = Debug|Any CPU
		{F7714A26-A28C-4D0A-A87E-CBF0241CFACC}.Release|Any CPU.ActiveCfg = Release|Any CPU
		{F7714A26-A28C-4D0A-A87E-CBF0241CFACC}.Release|Any CPU.Build.0 = Release|Any CPU
		{3126245E-B78D-483C-92ED-5C2814F61656}.Debug|Any CPU.ActiveCfg = Debug|Any CPU
		{3126245E-B78D-483C-92ED-5C2814F61656}.Debug|Any CPU.Build.0 = Debug|Any CPU
		{3126245E-B78D-483C-92ED-5C2814F61656}.Release|Any CPU.ActiveCfg = Release|Any CPU
		{3126245E-B78D-483C-92ED-5C2814F61656}.Release|Any CPU.Build.0 = Release|Any CPU
	EndGlobalSection
	GlobalSection(SolutionProperties) = preSolution
		HideSolutionNode = FALSE
	EndGlobalSection
	GlobalSection(NestedProjects) = preSolution
		{F6E6A5C5-EB90-4257-B8F4-CF8D05C450CD} = {654981E9-45EC-4E0F-A01F-ABB9835AFB9E}
		{F7714A26-A28C-4D0A-A87E-CBF0241CFACC} = {654981E9-45EC-4E0F-A01F-ABB9835AFB9E}
		{3126245E-B78D-483C-92ED-5C2814F61656} = {A17F9056-6C11-40FC-8B2D-A03BD0D95D28}
		{A17F9056-6C11-40FC-8B2D-A03BD0D95D28} = {A7EDEDC0-EDD9-4915-9D61-8434168885D0}
		{DBC69EF5-D2AD-464C-BEBA-851CD323F2B5} = {B35F3C55-2783-4D9D-B178-C91CE06AEA07}
		{A2E19352-8D90-49EF-96FB-67E345412557} = {DBC69EF5-D2AD-464C-BEBA-851CD323F2B5}
	EndGlobalSection
	GlobalSection(ExtensibilityGlobals) = postSolution
		SolutionGuid = {A99633ED-622B-4530-84DC-24D85704EA62}
	EndGlobalSection
EndGlobal
